
Microsoft Visual Studio Solution File, Format Version 12.00
# Visual Studio Version 16
VisualStudioVersion = 16.0.29326.143
MinimumVisualStudioVersion = 10.0.40219.1
Project("{FAE04EC0-301F-11D3-BF4B-00C04F79EFBC}") = "WindowsFormsApp1", "WindowsFormsApp1\WindowsFormsApp1.csproj", "{8074214E-45F8-41CE-9121-31C0FAEB2E1F}"
EndProject
Global
	GlobalSection(SolutionConfigurationPlatforms) = preSolution
		Debug|Any CPU = Debug|Any CPU
		Release|Any CPU = Release|Any CPU
	EndGlobalSection
	GlobalSection(ProjectConfigurationPlatforms) = postSolution
		{8074214E-45F8-41CE-9121-31C0FAEB2E1F}.Debug|Any CPU.ActiveCfg = Debug|Any CPU
		{8074214E-45F8-41CE-9121-31C0FAEB2E1F}.Debug|Any CPU.Build.0 = Debug|Any CPU
		{8074214E-45F8-41CE-9121-31C0FAEB2E1F}.Release|Any CPU.ActiveCfg = Release|Any CPU
		{8074214E-45F8-41CE-9121-31C0FAEB2E1F}.Release|Any CPU.Build.0 = Release|Any CPU
	EndGlobalSection
	GlobalSection(SolutionProperties) = preSolution
		HideSolutionNode = FALSE
	EndGlobalSection
	GlobalSection(ExtensibilityGlobals) = postSolution
		SolutionGuid = {3810BCB5-6F09-4D67-BBA2-E87D75A4B2B2}
	EndGlobalSection
EndGlobal
